
Microsoft Visual Studio Solution File, Format Version 12.00
# Visual Studio Version 17
VisualStudioVersion = 17.14.36414.22 d17.14
MinimumVisualStudioVersion = 10.0.40219.1
Project("{FAE04EC0-301F-11D3-BF4B-00C04F79EFBC}") = "Bai3Nhan", "Bai3Nhan.csproj", "{9FC07C83-2BA5-44BE-8474-8BF59E3172AB}"
EndProject
Global
	GlobalSection(SolutionConfigurationPlatforms) = preSolution
		Debug|Any CPU = Debug|Any CPU
		Release|Any CPU = Release|Any CPU
	EndGlobalSection
	GlobalSection(ProjectConfigurationPlatforms) = postSolution
		{9FC07C83-2BA5-44BE-8474-8BF59E3172AB}.Debug|Any CPU.ActiveCfg = Debug|Any CPU
		{9FC07C83-2BA5-44BE-8474-8BF59E3172AB}.Debug|Any CPU.Build.0 = Debug|Any CPU
		{9FC07C83-2BA5-44BE-8474-8BF59E3172AB}.Release|Any CPU.ActiveCfg = Release|Any CPU
		{9FC07C83-2BA5-44BE-8474-8BF59E3172AB}.Release|Any CPU.Build.0 = Release|Any CPU
	EndGlobalSection
	GlobalSection(SolutionProperties) = preSolution
		HideSolutionNode = FALSE
	EndGlobalSection
	GlobalSection(ExtensibilityGlobals) = postSolution
		SolutionGuid = {5D7B6A3F-4ED9-47B4-B619-4B2C6A4C7EB3}
	EndGlobalSection
EndGlobal
